<?xml version="1.0" encoding="UTF-8"?>
<Project ToolsVersion="14.0" xmlns="http://schemas.microsoft.com/developer/msbuild/2003">
  <ItemGroup>
    <ClCompile Include="C:\Users\l\Desktop\zardoru\vrxcl-master\Player.c">
      <Filter>Source Files</Filter>
    </ClCompile>
    <ClCompile Include="C:\Users\l\Desktop\zardoru\vrxcl-master\Spirit.c">
      <Filter>Source Files</Filter>
    </ClCompile>
    <ClCompile Include="C:\Users\l\Desktop\zardoru\vrxcl-master\Talents.c">
      <Filter>Source Files</Filter>
    </ClCompile>
    <ClCompile Include="C:\Users\l\Desktop\zardoru\vrxcl-master\ally.c">
      <Filter>Source Files</Filter>
    </ClCompile>
    <ClCompile Include="C:\Users\l\Desktop\zardoru\vrxcl-master\armory.c">
      <Filter>Source Files</Filter>
    </ClCompile>
    <ClCompile Include="C:\Users\l\Desktop\zardoru\vrxcl-master\auras.c">
      <Filter>Source Files</Filter>
    </ClCompile>
    <ClCompile Include="C:\Users\l\Desktop\zardoru\vrxcl-master\backpack.c">
      <Filter>Source Files</Filter>
    </ClCompile>
    <ClCompile Include="C:\Users\l\Desktop\zardoru\vrxcl-master\bombspell.c">
      <Filter>Source Files</Filter>
    </ClCompile>
    <ClCompile Include="C:\Users\l\Desktop\zardoru\vrxcl-master\boss_general.c">
      <Filter>Source Files</Filter>
    </ClCompile>
    <ClCompile Include="C:\Users\l\Desktop\zardoru\vrxcl-master\boss_makron.c">
      <Filter>Source Files</Filter>
    </ClCompile>
    <ClCompile Include="C:\Users\l\Desktop\zardoru\vrxcl-master\boss_tank.c">
      <Filter>Source Files</Filter>
    </ClCompile>
    <ClCompile Include="C:\Users\l\Desktop\zardoru\vrxcl-master\class_brain.c">
      <Filter>Source Files</Filter>
    </ClCompile>
    <ClCompile Include="C:\Users\l\Desktop\zardoru\vrxcl-master\class_demon.c">
      <Filter>Source Files</Filter>
    </ClCompile>
    <ClCompile Include="C:\Users\l\Desktop\zardoru\vrxcl-master\cloak.c">
      <Filter>Source Files</Filter>
    </ClCompile>
    <ClCompile Include="C:\Users\l\Desktop\zardoru\vrxcl-master\ctf.c">
      <Filter>Source Files</Filter>
    </ClCompile>
    <ClCompile Include="C:\Users\l\Desktop\zardoru\vrxcl-master\damage.c">
      <Filter>Source Files</Filter>
    </ClCompile>
    <ClCompile Include="C:\Users\l\Desktop\zardoru\vrxcl-master\domination.c">
      <Filter>Source Files</Filter>
    </ClCompile>
    <ClCompile Include="C:\Users\l\Desktop\zardoru\vrxcl-master\drone_ai.c">
      <Filter>Source Files</Filter>
    </ClCompile>
    <ClCompile Include="C:\Users\l\Desktop\zardoru\vrxcl-master\drone_berserk.c">
      <Filter>Source Files</Filter>
    </ClCompile>
    <ClCompile Include="C:\Users\l\Desktop\zardoru\vrxcl-master\drone_bitch.c">
      <Filter>Source Files</Filter>
    </ClCompile>
    <ClCompile Include="C:\Users\l\Desktop\zardoru\vrxcl-master\drone_brain.c">
      <Filter>Source Files</Filter>
    </ClCompile>
    <ClCompile Include="C:\Users\l\Desktop\zardoru\vrxcl-master\drone_decoy.c">
      <Filter>Source Files</Filter>
    </ClCompile>
    <ClCompile Include="C:\Users\l\Desktop\zardoru\vrxcl-master\drone_gladiator.c">
      <Filter>Source Files</Filter>
    </ClCompile>
    <ClCompile Include="C:\Users\l\Desktop\zardoru\vrxcl-master\drone_gunner.c">
      <Filter>Source Files</Filter>
    </ClCompile>
    <ClCompile Include="C:\Users\l\Desktop\zardoru\vrxcl-master\drone_infantry.c">
      <Filter>Source Files</Filter>
    </ClCompile>
    <ClCompile Include="C:\Users\l\Desktop\zardoru\vrxcl-master\drone_jorg.c">
      <Filter>Source Files</Filter>
    </ClCompile>
    <ClCompile Include="C:\Users\l\Desktop\zardoru\vrxcl-master\drone_makron.c">
      <Filter>Source Files</Filter>
    </ClCompile>
    <ClCompile Include="C:\Users\l\Desktop\zardoru\vrxcl-master\drone_medic.c">
      <Filter>Source Files</Filter>
    </ClCompile>
    <ClCompile Include="C:\Users\l\Desktop\zardoru\vrxcl-master\drone_misc.c">
      <Filter>Source Files</Filter>
    </ClCompile>
    <ClCompile Include="C:\Users\l\Desktop\zardoru\vrxcl-master\drone_move.c">
      <Filter>Source Files</Filter>
    </ClCompile>
    <ClCompile Include="C:\Users\l\Desktop\zardoru\vrxcl-master\drone_mutant.c">
      <Filter>Source Files</Filter>
    </ClCompile>
    <ClCompile Include="C:\Users\l\Desktop\zardoru\vrxcl-master\drone_parasite.c">
      <Filter>Source Files</Filter>
    </ClCompile>
    <ClCompile Include="C:\Users\l\Desktop\zardoru\vrxcl-master\drone_retard.c">
      <Filter>Source Files</Filter>
    </ClCompile>
    <ClCompile Include="C:\Users\l\Desktop\zardoru\vrxcl-master\drone_soldier.c">
      <Filter>Source Files</Filter>
    </ClCompile>
    <ClCompile Include="C:\Users\l\Desktop\zardoru\vrxcl-master\drone_supertank.c">
      <Filter>Source Files</Filter>
    </ClCompile>
    <ClCompile Include="C:\Users\l\Desktop\zardoru\vrxcl-master\drone_tank.c">
      <Filter>Source Files</Filter>
    </ClCompile>
    <ClCompile Include="C:\Users\l\Desktop\zardoru\vrxcl-master\ents.c">
      <Filter>Source Files</Filter>
    </ClCompile>
    <ClCompile Include="C:\Users\l\Desktop\zardoru\vrxcl-master\file_output.c">
      <Filter>Source Files</Filter>
    </ClCompile>
    <ClCompile Include="C:\Users\l\Desktop\zardoru\vrxcl-master\flying_skull.c">
      <Filter>Source Files</Filter>
    </ClCompile>
    <ClCompile Include="C:\Users\l\Desktop\zardoru\vrxcl-master\forcewall.c">
      <Filter>Source Files</Filter>
    </ClCompile>
    <ClCompile Include="C:\Users\l\Desktop\zardoru\vrxcl-master\g_chase.c">
      <Filter>Source Files</Filter>
    </ClCompile>
    <ClCompile Include="C:\Users\l\Desktop\zardoru\vrxcl-master\g_cmds.c">
      <Filter>Source Files</Filter>
    </ClCompile>
    <ClCompile Include="C:\Users\l\Desktop\zardoru\vrxcl-master\g_combat.c">
      <Filter>Source Files</Filter>
    </ClCompile>
    <ClCompile Include="C:\Users\l\Desktop\zardoru\vrxcl-master\g_flame.c">
      <Filter>Source Files</Filter>
    </ClCompile>
    <ClCompile Include="C:\Users\l\Desktop\zardoru\vrxcl-master\g_func.c">
      <Filter>Source Files</Filter>
    </ClCompile>
    <ClCompile Include="C:\Users\l\Desktop\zardoru\vrxcl-master\g_items.c">
      <Filter>Source Files</Filter>
    </ClCompile>
    <ClCompile Include="C:\Users\l\Desktop\zardoru\vrxcl-master\g_lasers.c">
      <Filter>Source Files</Filter>
    </ClCompile>
    <ClCompile Include="C:\Users\l\Desktop\zardoru\vrxcl-master\g_main.c">
      <Filter>Source Files</Filter>
    </ClCompile>
    <ClCompile Include="C:\Users\l\Desktop\zardoru\vrxcl-master\g_misc.c">
      <Filter>Source Files</Filter>
    </ClCompile>
    <ClCompile Include="C:\Users\l\Desktop\zardoru\vrxcl-master\g_monster.c">
      <Filter>Source Files</Filter>
    </ClCompile>
    <ClCompile Include="C:\Users\l\Desktop\zardoru\vrxcl-master\g_phys.c">
      <Filter>Source Files</Filter>
    </ClCompile>
    <ClCompile Include="C:\Users\l\Desktop\zardoru\vrxcl-master\g_save.c">
      <Filter>Source Files</Filter>
    </ClCompile>
    <ClCompile Include="C:\Users\l\Desktop\zardoru\vrxcl-master\g_spawn.c">
      <Filter>Source Files</Filter>
    </ClCompile>
    <ClCompile Include="C:\Users\l\Desktop\zardoru\vrxcl-master\g_svcmds.c">
      <Filter>Source Files</Filter>
    </ClCompile>
    <ClCompile Include="C:\Users\l\Desktop\zardoru\vrxcl-master\g_sword.c">
      <Filter>Source Files</Filter>
    </ClCompile>
    <ClCompile Include="C:\Users\l\Desktop\zardoru\vrxcl-master\g_target.c">
      <Filter>Source Files</Filter>
    </ClCompile>
    <ClCompile Include="C:\Users\l\Desktop\zardoru\vrxcl-master\g_trigger.c">
      <Filter>Source Files</Filter>
    </ClCompile>
    <ClCompile Include="C:\Users\l\Desktop\zardoru\vrxcl-master\g_utils.c">
      <Filter>Source Files</Filter>
    </ClCompile>
    <ClCompile Include="C:\Users\l\Desktop\zardoru\vrxcl-master\g_weapon.c">
      <Filter>Source Files</Filter>
    </ClCompile>
    <ClCompile Include="C:\Users\l\Desktop\zardoru\vrxcl-master\grid.c">
      <Filter>Source Files</Filter>
    </ClCompile>
    <ClCompile Include="C:\Users\l\Desktop\zardoru\vrxcl-master\hash_32a.c">
      <Filter>Source Files</Filter>
    </ClCompile>
    <ClCompile Include="C:\Users\l\Desktop\zardoru\vrxcl-master\help.c">
      <Filter>Source Files</Filter>
    </ClCompile>
    <ClCompile Include="C:\Users\l\Desktop\zardoru\vrxcl-master\invasion.c">
      <Filter>Source Files</Filter>
    </ClCompile>
    <ClCompile Include="C:\Users\l\Desktop\zardoru\vrxcl-master\item_menu.c">
      <Filter>Source Files</Filter>
    </ClCompile>
    <ClCompile Include="C:\Users\l\Desktop\zardoru\vrxcl-master\jetpack.c">
      <Filter>Source Files</Filter>
    </ClCompile>
    <ClCompile Include="C:\Users\l\Desktop\zardoru\vrxcl-master\lasers.c">
      <Filter>Source Files</Filter>
    </ClCompile>
    <ClCompile Include="C:\Users\l\Desktop\zardoru\vrxcl-master\lasersight.c">
      <Filter>Source Files</Filter>
    </ClCompile>
    <ClCompile Include="C:\Users\l\Desktop\zardoru\vrxcl-master\laserstuff.c">
      <Filter>Source Files</Filter>
    </ClCompile>
    <ClCompile Include="C:\Users\l\Desktop\zardoru\vrxcl-master\lua.c">
      <Filter>Source Files</Filter>
    </ClCompile>
    <ClCompile Include="C:\Users\l\Desktop\zardoru\vrxcl-master\m_flash.c">
      <Filter>Source Files</Filter>
    </ClCompile>
    <ClCompile Include="C:\Users\l\Desktop\zardoru\vrxcl-master\magic.c">
      <Filter>Source Files</Filter>
    </ClCompile>
    <ClCompile Include="C:\Users\l\Desktop\zardoru\vrxcl-master\maplist.c">
      <Filter>Source Files</Filter>
    </ClCompile>
    <ClCompile Include="C:\Users\l\Desktop\zardoru\vrxcl-master\menu.c">
      <Filter>Source Files</Filter>
    </ClCompile>
    <ClCompile Include="C:\Users\l\Desktop\zardoru\vrxcl-master\minisentry.c">
      <Filter>Source Files</Filter>
    </ClCompile>
    <ClCompile Include="C:\Users\l\Desktop\zardoru\vrxcl-master\misc_stuff.c">
      <Filter>Source Files</Filter>
    </ClCompile>
    <ClCompile Include="C:\Users\l\Desktop\zardoru\vrxcl-master\p_client.c">
      <Filter>Source Files</Filter>
    </ClCompile>
    <ClCompile Include="C:\Users\l\Desktop\zardoru\vrxcl-master\p_hook.c">
      <Filter>Source Files</Filter>
    </ClCompile>
    <ClCompile Include="C:\Users\l\Desktop\zardoru\vrxcl-master\p_hud.c">
      <Filter>Source Files</Filter>
    </ClCompile>
    <ClCompile Include="C:\Users\l\Desktop\zardoru\vrxcl-master\p_menu.c">
      <Filter>Source Files</Filter>
    </ClCompile>
    <ClCompile Include="C:\Users\l\Desktop\zardoru\vrxcl-master\p_parasite.c">
      <Filter>Source Files</Filter>
    </ClCompile>
    <ClCompile Include="C:\Users\l\Desktop\zardoru\vrxcl-master\p_trail.c">
      <Filter>Source Files</Filter>
    </ClCompile>
    <ClCompile Include="C:\Users\l\Desktop\zardoru\vrxcl-master\p_view.c">
      <Filter>Source Files</Filter>
    </ClCompile>
    <ClCompile Include="C:\Users\l\Desktop\zardoru\vrxcl-master\p_weapon.c">
      <Filter>Source Files</Filter>
    </ClCompile>
    <ClCompile Include="C:\Users\l\Desktop\zardoru\vrxcl-master\player_points.c">
      <Filter>Source Files</Filter>
    </ClCompile>
    <ClCompile Include="C:\Users\l\Desktop\zardoru\vrxcl-master\playerlog.c">
      <Filter>Source Files</Filter>
    </ClCompile>
    <ClCompile Include="C:\Users\l\Desktop\zardoru\vrxcl-master\playertoberserk.c">
      <Filter>Source Files</Filter>
    </ClCompile>
    <ClCompile Include="C:\Users\l\Desktop\zardoru\vrxcl-master\playertoflyer.c">
      <Filter>Source Files</Filter>
    </ClCompile>
    <ClCompile Include="C:\Users\l\Desktop\zardoru\vrxcl-master\playertomedic.c">
      <Filter>Source Files</Filter>
    </ClCompile>
    <ClCompile Include="C:\Users\l\Desktop\zardoru\vrxcl-master\playertomutant.c">
      <Filter>Source Files</Filter>
    </ClCompile>
    <ClCompile Include="C:\Users\l\Desktop\zardoru\vrxcl-master\playertoparasite.c">
      <Filter>Source Files</Filter>
    </ClCompile>
    <ClCompile Include="C:\Users\l\Desktop\zardoru\vrxcl-master\playertotank.c">
      <Filter>Source Files</Filter>
    </ClCompile>
    <ClCompile Include="C:\Users\l\Desktop\zardoru\vrxcl-master\pvb.c">
      <Filter>Source Files</Filter>
    </ClCompile>
    <ClCompile Include="C:\Users\l\Desktop\zardoru\vrxcl-master\q_shared.c">
      <Filter>Source Files</Filter>
    </ClCompile>
    <ClCompile Include="C:\Users\l\Desktop\zardoru\vrxcl-master\repairstation.c">
      <Filter>Source Files</Filter>
    </ClCompile>
    <ClCompile Include="C:\Users\l\Desktop\zardoru\vrxcl-master\scanner.c">
      <Filter>Source Files</Filter>
    </ClCompile>
    <ClCompile Include="C:\Users\l\Desktop\zardoru\vrxcl-master\sentrygun2.c">
      <Filter>Source Files</Filter>
    </ClCompile>
    <ClCompile Include="C:\Users\l\Desktop\zardoru\vrxcl-master\shaman.c">
      <Filter>Source Files</Filter>
    </ClCompile>
    <ClCompile Include="C:\Users\l\Desktop\zardoru\vrxcl-master\special_items.c">
      <Filter>Source Files</Filter>
    </ClCompile>
    <ClCompile Include="C:\Users\l\Desktop\zardoru\vrxcl-master\sqlite3.c">
      <Filter>Source Files</Filter>
    </ClCompile>
    <ClCompile Include="C:\Users\l\Desktop\zardoru\vrxcl-master\supplystation.c">
      <Filter>Source Files</Filter>
    </ClCompile>
    <ClCompile Include="C:\Users\l\Desktop\zardoru\vrxcl-master\teamplay.c">
      <Filter>Source Files</Filter>
    </ClCompile>
    <ClCompile Include="C:\Users\l\Desktop\zardoru\vrxcl-master\totems.c">
      <Filter>Source Files</Filter>
    </ClCompile>
    <ClCompile Include="C:\Users\l\Desktop\zardoru\vrxcl-master\trade.c">
      <Filter>Source Files</Filter>
    </ClCompile>
    <ClCompile Include="C:\Users\l\Desktop\zardoru\vrxcl-master\upgrades.c">
      <Filter>Source Files</Filter>
    </ClCompile>
    <ClCompile Include="C:\Users\l\Desktop\zardoru\vrxcl-master\v_abilitylist.c">
      <Filter>Source Files</Filter>
    </ClCompile>
    <ClCompile Include="C:\Users\l\Desktop\zardoru\vrxcl-master\v_autobind.c">
      <Filter>Source Files</Filter>
    </ClCompile>
    <ClCompile Include="C:\Users\l\Desktop\zardoru\vrxcl-master\v_cmd.c">
      <Filter>Source Files</Filter>
    </ClCompile>
    <ClCompile Include="C:\Users\l\Desktop\zardoru\vrxcl-master\v_file_IO.c">
      <Filter>Source Files</Filter>
    </ClCompile>
    <ClCompile Include="C:\Users\l\Desktop\zardoru\vrxcl-master\v_hw.c">
      <Filter>Source Files</Filter>
    </ClCompile>
    <ClCompile Include="C:\Users\l\Desktop\zardoru\vrxcl-master\v_items.c">
      <Filter>Source Files</Filter>
    </ClCompile>
    <ClCompile Include="C:\Users\l\Desktop\zardoru\vrxcl-master\v_luasettings.c">
      <Filter>Source Files</Filter>
    </ClCompile>
    <ClCompile Include="C:\Users\l\Desktop\zardoru\vrxcl-master\v_maplist.c">
      <Filter>Source Files</Filter>
    </ClCompile>
    <ClCompile Include="C:\Users\l\Desktop\zardoru\vrxcl-master\v_mysql_gds.c">
      <Filter>Source Files</Filter>
    </ClCompile>
    <ClCompile Include="C:\Users\l\Desktop\zardoru\vrxcl-master\v_sqlite_character.c">
      <Filter>Source Files</Filter>
    </ClCompile>
    <ClCompile Include="C:\Users\l\Desktop\zardoru\vrxcl-master\v_sqlite_unidb.c">
      <Filter>Source Files</Filter>
    </ClCompile>
    <ClCompile Include="C:\Users\l\Desktop\zardoru\vrxcl-master\v_tbi.c">
      <Filter>Source Files</Filter>
    </ClCompile>
    <ClCompile Include="C:\Users\l\Desktop\zardoru\vrxcl-master\v_utils.c">
      <Filter>Source Files</Filter>
    </ClCompile>
    <ClCompile Include="C:\Users\l\Desktop\zardoru\vrxcl-master\vote.c">
      <Filter>Source Files</Filter>
    </ClCompile>
    <ClCompile Include="C:\Users\l\Desktop\zardoru\vrxcl-master\weapon_upgrades.c">
      <Filter>Source Files</Filter>
    </ClCompile>
    <ClCompile Include="C:\Users\l\Desktop\zardoru\vrxcl-master\weapons.c">
      <Filter>Source Files</Filter>
    </ClCompile>
    <ClCompile Include="C:\Users\l\Desktop\zardoru\vrxcl-master\ai\AStar.c">
      <Filter>Source Files</Filter>
    </ClCompile>
    <ClCompile Include="C:\Users\l\Desktop\zardoru\vrxcl-master\ai\ai_class_dmbot.c">
      <Filter>Source Files</Filter>
    </ClCompile>
    <ClCompile Include="C:\Users\l\Desktop\zardoru\vrxcl-master\ai\ai_class_monster_default.c">
      <Filter>Source Files</Filter>
    </ClCompile>
    <ClCompile Include="C:\Users\l\Desktop\zardoru\vrxcl-master\ai\ai_dropnodes.c">
      <Filter>Source Files</Filter>
    </ClCompile>
    <ClCompile Include="C:\Users\l\Desktop\zardoru\vrxcl-master\ai\ai_items.c">
      <Filter>Source Files</Filter>
    </ClCompile>
    <ClCompile Include="C:\Users\l\Desktop\zardoru\vrxcl-master\ai\ai_links.c">
      <Filter>Source Files</Filter>
    </ClCompile>
    <ClCompile Include="C:\Users\l\Desktop\zardoru\vrxcl-master\ai\ai_main.c">
      <Filter>Source Files</Filter>
    </ClCompile>
    <ClCompile Include="C:\Users\l\Desktop\zardoru\vrxcl-master\ai\ai_movement.c">
      <Filter>Source Files</Filter>
    </ClCompile>
    <ClCompile Include="C:\Users\l\Desktop\zardoru\vrxcl-master\ai\ai_navigation.c">
      <Filter>Source Files</Filter>
    </ClCompile>
    <ClCompile Include="C:\Users\l\Desktop\zardoru\vrxcl-master\ai\ai_nodes.c">
      <Filter>Source Files</Filter>
    </ClCompile>
    <ClCompile Include="C:\Users\l\Desktop\zardoru\vrxcl-master\ai\ai_tools.c">
      <Filter>Source Files</Filter>
    </ClCompile>
    <ClCompile Include="C:\Users\l\Desktop\zardoru\vrxcl-master\ai\ai_weapons.c">
      <Filter>Source Files</Filter>
    </ClCompile>
    <ClCompile Include="C:\Users\l\Desktop\zardoru\vrxcl-master\ai\bot_common.c">
      <Filter>Source Files</Filter>
    </ClCompile>
    <ClCompile Include="C:\Users\l\Desktop\zardoru\vrxcl-master\ai\bot_spawn.c">
      <Filter>Source Files</Filter>
    </ClCompile>
  </ItemGroup>
  <ItemGroup>
    <CustomBuild Include="C:\Users\l\Desktop\zardoru\vrxcl-master\CMakeLists.txt" />
  </ItemGroup>
  <ItemGroup>
    <Filter Include="Source Files">
      <UniqueIdentifier>{E23AD879-38AA-32E0-8F5F-D44CC38523C2}</UniqueIdentifier>
    </Filter>
  </ItemGroup>
</Project>
